// !$*UTF8*$!
{
	archiveVersion = 1;
	classes = {
	};
	objectVersion = 55;
	objects = {

/* Begin PBXBuildFile section */
		2700A18F2A3601F300F0A18E /* DevMenu.swift in Sources */ = {isa = PBXBuildFile; fileRef = 2700A18E2A3601F300F0A18E /* DevMenu.swift */; };
		2700A1912A36196500F0A18E /* Utility.swift in Sources */ = {isa = PBXBuildFile; fileRef = 2700A1902A36196500F0A18E /* Utility.swift */; };
		2712D52429D1F1DB006B4271 /* Main.swift in Sources */ = {isa = PBXBuildFile; fileRef = 2712D52329D1F1DB006B4271 /* Main.swift */; };
		2712D52829D1F406006B4271 /* WindowCommands.swift in Sources */ = {isa = PBXBuildFile; fileRef = 2712D52729D1F406006B4271 /* WindowCommands.swift */; };
		2712D52C29D1F66F006B4271 /* Logger.swift in Sources */ = {isa = PBXBuildFile; fileRef = 2712D52B29D1F66F006B4271 /* Logger.swift */; };
		271385012A34E8C70044D0C7 /* ActivityDot.swift in Sources */ = {isa = PBXBuildFile; fileRef = 271385002A34E8C70044D0C7 /* ActivityDot.swift */; };
		276873CE28D4B37D006269A8 /* PlayerSwitcher.swift in Sources */ = {isa = PBXBuildFile; fileRef = 276873CD28D4B37D006269A8 /* PlayerSwitcher.swift */; };
		279E4B882899A43300355840 /* Settings.swift in Sources */ = {isa = PBXBuildFile; fileRef = 279E4B872899A43300355840 /* Settings.swift */; };
		279E4B8C2899B0D600355840 /* MIDIHandler.swift in Sources */ = {isa = PBXBuildFile; fileRef = 279E4B8B2899B0D600355840 /* MIDIHandler.swift */; };
		27AD08F92904B88C00D56FA2 /* MIDIKit in Frameworks */ = {isa = PBXBuildFile; productRef = 27AD08F82904B88C00D56FA2 /* MIDIKit */; };
		27C003C029F56D3900705319 /* MIDIHelper.swift in Sources */ = {isa = PBXBuildFile; fileRef = 27C003BF29F56D3900705319 /* MIDIHelper.swift */; };
		27C003C229F56EE000705319 /* MIDIInputView.swift in Sources */ = {isa = PBXBuildFile; fileRef = 27C003C129F56EE000705319 /* MIDIInputView.swift */; };
		27E3EBD62898B17C00D5FB55 /* musicbridgeApp.swift in Sources */ = {isa = PBXBuildFile; fileRef = 27E3EBD52898B17C00D5FB55 /* musicbridgeApp.swift */; };
		27E3EBDA2898B17E00D5FB55 /* Assets.xcassets in Resources */ = {isa = PBXBuildFile; fileRef = 27E3EBD92898B17E00D5FB55 /* Assets.xcassets */; };
		27E3EBDD2898B17E00D5FB55 /* Preview Assets.xcassets in Resources */ = {isa = PBXBuildFile; fileRef = 27E3EBDC2898B17E00D5FB55 /* Preview Assets.xcassets */; };
		27E3EC082898BB1F00D5FB55 /* musicbridgeController.swift in Sources */ = {isa = PBXBuildFile; fileRef = 27E3EC072898BB1F00D5FB55 /* musicbridgeController.swift */; };
/* End PBXBuildFile section */

/* Begin PBXFileReference section */
		2700A18E2A3601F300F0A18E /* DevMenu.swift */ = {isa = PBXFileReference; lastKnownFileType = sourcecode.swift; path = DevMenu.swift; sourceTree = "<group>"; };
		2700A1902A36196500F0A18E /* Utility.swift */ = {isa = PBXFileReference; lastKnownFileType = sourcecode.swift; path = Utility.swift; sourceTree = "<group>"; };
		2712D52329D1F1DB006B4271 /* Main.swift */ = {isa = PBXFileReference; lastKnownFileType = sourcecode.swift; path = Main.swift; sourceTree = "<group>"; };
		2712D52729D1F406006B4271 /* WindowCommands.swift */ = {isa = PBXFileReference; lastKnownFileType = sourcecode.swift; path = WindowCommands.swift; sourceTree = "<group>"; };
		2712D52B29D1F66F006B4271 /* Logger.swift */ = {isa = PBXFileReference; lastKnownFileType = sourcecode.swift; path = Logger.swift; sourceTree = "<group>"; };
		271385002A34E8C70044D0C7 /* ActivityDot.swift */ = {isa = PBXFileReference; lastKnownFileType = sourcecode.swift; path = ActivityDot.swift; sourceTree = "<group>"; };
		276873CD28D4B37D006269A8 /* PlayerSwitcher.swift */ = {isa = PBXFileReference; lastKnownFileType = sourcecode.swift; path = PlayerSwitcher.swift; sourceTree = "<group>"; };
		279E4B872899A43300355840 /* Settings.swift */ = {isa = PBXFileReference; lastKnownFileType = sourcecode.swift; path = Settings.swift; sourceTree = "<group>"; };
		279E4B8B2899B0D600355840 /* MIDIHandler.swift */ = {isa = PBXFileReference; lastKnownFileType = sourcecode.swift; path = MIDIHandler.swift; sourceTree = "<group>"; };
		27C003BF29F56D3900705319 /* MIDIHelper.swift */ = {isa = PBXFileReference; lastKnownFileType = sourcecode.swift; path = MIDIHelper.swift; sourceTree = "<group>"; };
		27C003C129F56EE000705319 /* MIDIInputView.swift */ = {isa = PBXFileReference; lastKnownFileType = sourcecode.swift; path = MIDIInputView.swift; sourceTree = "<group>"; };
		27E3EBD22898B17C00D5FB55 /* musicbridge.app */ = {isa = PBXFileReference; explicitFileType = wrapper.application; includeInIndex = 0; path = musicbridge.app; sourceTree = BUILT_PRODUCTS_DIR; };
		27E3EBD52898B17C00D5FB55 /* musicbridgeApp.swift */ = {isa = PBXFileReference; lastKnownFileType = sourcecode.swift; path = musicbridgeApp.swift; sourceTree = "<group>"; };
		27E3EBD92898B17E00D5FB55 /* Assets.xcassets */ = {isa = PBXFileReference; lastKnownFileType = folder.assetcatalog; path = Assets.xcassets; sourceTree = "<group>"; };
		27E3EBDC2898B17E00D5FB55 /* Preview Assets.xcassets */ = {isa = PBXFileReference; lastKnownFileType = folder.assetcatalog; path = "Preview Assets.xcassets"; sourceTree = "<group>"; };
		27E3EBDE2898B17E00D5FB55 /* musicbridge.entitlements */ = {isa = PBXFileReference; lastKnownFileType = text.plist.entitlements; path = musicbridge.entitlements; sourceTree = "<group>"; };
		27E3EBE72898B17E00D5FB55 /* musicbridgeTests.swift */ = {isa = PBXFileReference; lastKnownFileType = sourcecode.swift; path = musicbridgeTests.swift; sourceTree = "<group>"; };
		27E3EBF12898B17E00D5FB55 /* musicbridgeUITests.swift */ = {isa = PBXFileReference; lastKnownFileType = sourcecode.swift; path = musicbridgeUITests.swift; sourceTree = "<group>"; };
		27E3EBF32898B17E00D5FB55 /* musicbridgeUITestsLaunchTests.swift */ = {isa = PBXFileReference; lastKnownFileType = sourcecode.swift; path = musicbridgeUITestsLaunchTests.swift; sourceTree = "<group>"; };
		27E3EC002898B2A200D5FB55 /* Info.plist */ = {isa = PBXFileReference; lastKnownFileType = text.plist; path = Info.plist; sourceTree = "<group>"; };
		27E3EC072898BB1F00D5FB55 /* musicbridgeController.swift */ = {isa = PBXFileReference; lastKnownFileType = sourcecode.swift; path = musicbridgeController.swift; sourceTree = "<group>"; };
/* End PBXFileReference section */

/* Begin PBXFrameworksBuildPhase section */
		27E3EBCF2898B17C00D5FB55 /* Frameworks */ = {
			isa = PBXFrameworksBuildPhase;
			buildActionMask = 2147483647;
			files = (
				27AD08F92904B88C00D56FA2 /* MIDIKit in Frameworks */,
			);
			runOnlyForDeploymentPostprocessing = 0;
		};
/* End PBXFrameworksBuildPhase section */

/* Begin PBXGroup section */
		276873CC28D4B326006269A8 /* Music */ = {
			isa = PBXGroup;
			children = (
				27E3EC072898BB1F00D5FB55 /* musicbridgeController.swift */,
				276873CD28D4B37D006269A8 /* PlayerSwitcher.swift */,
			);
			path = Music;
			sourceTree = "<group>";
		};
		279E4B892899AF2C00355840 /* View */ = {
			isa = PBXGroup;
			children = (
				2712D52729D1F406006B4271 /* WindowCommands.swift */,
				279E4B872899A43300355840 /* Settings.swift */,
				2712D52329D1F1DB006B4271 /* Main.swift */,
				2712D52B29D1F66F006B4271 /* Logger.swift */,
				27C003C129F56EE000705319 /* MIDIInputView.swift */,
				271385002A34E8C70044D0C7 /* ActivityDot.swift */,
				2700A18E2A3601F300F0A18E /* DevMenu.swift */,
			);
			path = View;
			sourceTree = "<group>";
		};
		279E4B8A2899B0C600355840 /* MIDI */ = {
			isa = PBXGroup;
			children = (
				279E4B8B2899B0D600355840 /* MIDIHandler.swift */,
				27C003BF29F56D3900705319 /* MIDIHelper.swift */,
				2700A1902A36196500F0A18E /* Utility.swift */,
			);
			path = MIDI;
			sourceTree = "<group>";
		};
		27E3EBC92898B17C00D5FB55 = {
			isa = PBXGroup;
			children = (
				27E3EBD42898B17C00D5FB55 /* musicbridge */,
				27E3EBE62898B17E00D5FB55 /* musicbridgeTests */,
				27E3EBF02898B17E00D5FB55 /* musicbridgeUITests */,
				27E3EBD32898B17C00D5FB55 /* Products */,
				27E3EC012898B2AB00D5FB55 /* Frameworks */,
			);
			sourceTree = "<group>";
		};
		27E3EBD32898B17C00D5FB55 /* Products */ = {
			isa = PBXGroup;
			children = (
				27E3EBD22898B17C00D5FB55 /* musicbridge.app */,
			);
			name = Products;
			sourceTree = "<group>";
		};
		27E3EBD42898B17C00D5FB55 /* musicbridge */ = {
			isa = PBXGroup;
			children = (
				276873CC28D4B326006269A8 /* Music */,
				279E4B8A2899B0C600355840 /* MIDI */,
				279E4B892899AF2C00355840 /* View */,
				27E3EC002898B2A200D5FB55 /* Info.plist */,
				27E3EBD52898B17C00D5FB55 /* musicbridgeApp.swift */,
				27E3EBD92898B17E00D5FB55 /* Assets.xcassets */,
				27E3EBDE2898B17E00D5FB55 /* musicbridge.entitlements */,
				27E3EBDB2898B17E00D5FB55 /* Preview Content */,
			);
			path = musicbridge;
			sourceTree = "<group>";
		};
		27E3EBDB2898B17E00D5FB55 /* Preview Content */ = {
			isa = PBXGroup;
			children = (
				27E3EBDC2898B17E00D5FB55 /* Preview Assets.xcassets */,
			);
			path = "Preview Content";
			sourceTree = "<group>";
		};
		27E3EBE62898B17E00D5FB55 /* musicbridgeTests */ = {
			isa = PBXGroup;
			children = (
				27E3EBE72898B17E00D5FB55 /* musicbridgeTests.swift */,
			);
			path = musicbridgeTests;
			sourceTree = "<group>";
		};
		27E3EBF02898B17E00D5FB55 /* musicbridgeUITests */ = {
			isa = PBXGroup;
			children = (
				27E3EBF12898B17E00D5FB55 /* musicbridgeUITests.swift */,
				27E3EBF32898B17E00D5FB55 /* musicbridgeUITestsLaunchTests.swift */,
			);
			path = musicbridgeUITests;
			sourceTree = "<group>";
		};
		27E3EC012898B2AB00D5FB55 /* Frameworks */ = {
			isa = PBXGroup;
			children = (
			);
			name = Frameworks;
			sourceTree = "<group>";
		};
/* End PBXGroup section */

/* Begin PBXNativeTarget section */
		27E3EBD12898B17C00D5FB55 /* musicbridge */ = {
			isa = PBXNativeTarget;
			buildConfigurationList = 27E3EBF72898B17E00D5FB55 /* Build configuration list for PBXNativeTarget "musicbridge" */;
			buildPhases = (
				27E3EBCE2898B17C00D5FB55 /* Sources */,
				27E3EBD02898B17C00D5FB55 /* Resources */,
				27E3EBCF2898B17C00D5FB55 /* Frameworks */,
			);
			buildRules = (
			);
			dependencies = (
				27798807289DB13D0021968A /* PBXTargetDependency */,
			);
			name = musicbridge;
			packageProductDependencies = (
				27AD08F82904B88C00D56FA2 /* MIDIKit */,
			);
			productName = musicbridge;
			productReference = 27E3EBD22898B17C00D5FB55 /* musicbridge.app */;
			productType = "com.apple.product-type.application";
		};
/* End PBXNativeTarget section */

/* Begin PBXProject section */
		27E3EBCA2898B17C00D5FB55 /* Project object */ = {
			isa = PBXProject;
			attributes = {
				BuildIndependentTargetsInParallel = 1;
				LastSwiftUpdateCheck = 1400;
				LastUpgradeCheck = 1500;
				TargetAttributes = {
					27E3EBD12898B17C00D5FB55 = {
						CreatedOnToolsVersion = 14.0;
					};
				};
			};
			buildConfigurationList = 27E3EBCD2898B17C00D5FB55 /* Build configuration list for PBXProject "musicbridge" */;
			compatibilityVersion = "Xcode 13.0";
			developmentRegion = en;
			hasScannedForEncodings = 0;
			knownRegions = (
				en,
				Base,
			);
			mainGroup = 27E3EBC92898B17C00D5FB55;
			packageReferences = (
				27AD08F72904B88C00D56FA2 /* XCRemoteSwiftPackageReference "MIDIKit" */,
			);
			productRefGroup = 27E3EBD32898B17C00D5FB55 /* Products */;
			projectDirPath = "";
			projectRoot = "";
			targets = (
				27E3EBD12898B17C00D5FB55 /* musicbridge */,
			);
		};
/* End PBXProject section */

/* Begin PBXResourcesBuildPhase section */
		27E3EBD02898B17C00D5FB55 /* Resources */ = {
			isa = PBXResourcesBuildPhase;
			buildActionMask = 2147483647;
			files = (
				27E3EBDD2898B17E00D5FB55 /* Preview Assets.xcassets in Resources */,
				27E3EBDA2898B17E00D5FB55 /* Assets.xcassets in Resources */,
			);
			runOnlyForDeploymentPostprocessing = 0;
		};
/* End PBXResourcesBuildPhase section */

/* Begin PBXSourcesBuildPhase section */
		27E3EBCE2898B17C00D5FB55 /* Sources */ = {
			isa = PBXSourcesBuildPhase;
			buildActionMask = 2147483647;
			files = (
				2712D52829D1F406006B4271 /* WindowCommands.swift in Sources */,
				271385012A34E8C70044D0C7 /* ActivityDot.swift in Sources */,
				276873CE28D4B37D006269A8 /* PlayerSwitcher.swift in Sources */,
				279E4B882899A43300355840 /* Settings.swift in Sources */,
				2700A1912A36196500F0A18E /* Utility.swift in Sources */,
				2700A18F2A3601F300F0A18E /* DevMenu.swift in Sources */,
				2712D52C29D1F66F006B4271 /* Logger.swift in Sources */,
				279E4B8C2899B0D600355840 /* MIDIHandler.swift in Sources */,
				27E3EBD62898B17C00D5FB55 /* musicbridgeApp.swift in Sources */,
				27C003C029F56D3900705319 /* MIDIHelper.swift in Sources */,
				27C003C229F56EE000705319 /* MIDIInputView.swift in Sources */,
				2712D52429D1F1DB006B4271 /* Main.swift in Sources */,
				27E3EC082898BB1F00D5FB55 /* musicbridgeController.swift in Sources */,
			);
			runOnlyForDeploymentPostprocessing = 0;
		};
/* End PBXSourcesBuildPhase section */

/* Begin PBXTargetDependency section */
		27798807289DB13D0021968A /* PBXTargetDependency */ = {
			isa = PBXTargetDependency;
			productRef = 27798806289DB13D0021968A /* WebMIDIKit */;
		};
/* End PBXTargetDependency section */

/* Begin XCBuildConfiguration section */
		27E3EBF52898B17E00D5FB55 /* Debug */ = {
			isa = XCBuildConfiguration;
			buildSettings = {
				ALWAYS_SEARCH_USER_PATHS = NO;
				ASSETCATALOG_COMPILER_GENERATE_SWIFT_ASSET_SYMBOL_EXTENSIONS = YES;
				CLANG_ANALYZER_NONNULL = YES;
				CLANG_ANALYZER_NUMBER_OBJECT_CONVERSION = YES_AGGRESSIVE;
				CLANG_CXX_LANGUAGE_STANDARD = "gnu++20";
				CLANG_ENABLE_MODULES = YES;
				CLANG_ENABLE_OBJC_ARC = YES;
				CLANG_ENABLE_OBJC_WEAK = YES;
				CLANG_WARN_BLOCK_CAPTURE_AUTORELEASING = YES;
				CLANG_WARN_BOOL_CONVERSION = YES;
				CLANG_WARN_COMMA = YES;
				CLANG_WARN_CONSTANT_CONVERSION = YES;
				CLANG_WARN_DEPRECATED_OBJC_IMPLEMENTATIONS = YES;
				CLANG_WARN_DIRECT_OBJC_ISA_USAGE = YES_ERROR;
				CLANG_WARN_DOCUMENTATION_COMMENTS = YES;
				CLANG_WARN_EMPTY_BODY = YES;
				CLANG_WARN_ENUM_CONVERSION = YES;
				CLANG_WARN_INFINITE_RECURSION = YES;
				CLANG_WARN_INT_CONVERSION = YES;
				CLANG_WARN_NON_LITERAL_NULL_CONVERSION = YES;
				CLANG_WARN_OBJC_IMPLICIT_RETAIN_SELF = YES;
				CLANG_WARN_OBJC_LITERAL_CONVERSION = YES;
				CLANG_WARN_OBJC_ROOT_CLASS = YES_ERROR;
				CLANG_WARN_QUOTED_INCLUDE_IN_FRAMEWORK_HEADER = YES;
				CLANG_WARN_RANGE_LOOP_ANALYSIS = YES;
				CLANG_WARN_STRICT_PROTOTYPES = YES;
				CLANG_WARN_SUSPICIOUS_MOVE = YES;
				CLANG_WARN_UNGUARDED_AVAILABILITY = YES_AGGRESSIVE;
				CLANG_WARN_UNREACHABLE_CODE = YES;
				CLANG_WARN__DUPLICATE_METHOD_MATCH = YES;
				COPY_PHASE_STRIP = NO;
				DEAD_CODE_STRIPPING = YES;
				DEBUG_INFORMATION_FORMAT = "dwarf-with-dsym";
				ENABLE_HARDENED_RUNTIME = YES;
				ENABLE_STRICT_OBJC_MSGSEND = YES;
				ENABLE_TESTABILITY = YES;
				ENABLE_USER_SCRIPT_SANDBOXING = YES;
				GCC_C_LANGUAGE_STANDARD = gnu11;
				GCC_DYNAMIC_NO_PIC = NO;
				GCC_NO_COMMON_BLOCKS = YES;
				GCC_OPTIMIZATION_LEVEL = 0;
				GCC_PREPROCESSOR_DEFINITIONS = (
					"DEBUG=1",
					"$(inherited)",
				);
				GCC_WARN_64_TO_32_BIT_CONVERSION = YES;
				GCC_WARN_ABOUT_RETURN_TYPE = YES_ERROR;
				GCC_WARN_UNDECLARED_SELECTOR = YES;
				GCC_WARN_UNINITIALIZED_AUTOS = YES_AGGRESSIVE;
				GCC_WARN_UNUSED_FUNCTION = YES;
				GCC_WARN_UNUSED_VARIABLE = YES;
				MACOSX_DEPLOYMENT_TARGET = 11.0;
				MTL_ENABLE_DEBUG_INFO = INCLUDE_SOURCE;
				MTL_FAST_MATH = YES;
				ONLY_ACTIVE_ARCH = YES;
				SDKROOT = macosx;
				SWIFT_ACTIVE_COMPILATION_CONDITIONS = DEBUG;
				SWIFT_OPTIMIZATION_LEVEL = "-Onone";
			};
			name = Debug;
		};
		27E3EBF62898B17E00D5FB55 /* Release */ = {
			isa = XCBuildConfiguration;
			buildSettings = {
				ALWAYS_SEARCH_USER_PATHS = NO;
				ASSETCATALOG_COMPILER_GENERATE_SWIFT_ASSET_SYMBOL_EXTENSIONS = YES;
				CLANG_ANALYZER_NONNULL = YES;
				CLANG_ANALYZER_NUMBER_OBJECT_CONVERSION = YES_AGGRESSIVE;
				CLANG_CXX_LANGUAGE_STANDARD = "gnu++20";
				CLANG_ENABLE_MODULES = YES;
				CLANG_ENABLE_OBJC_ARC = YES;
				CLANG_ENABLE_OBJC_WEAK = YES;
				CLANG_WARN_BLOCK_CAPTURE_AUTORELEASING = YES;
				CLANG_WARN_BOOL_CONVERSION = YES;
				CLANG_WARN_COMMA = YES;
				CLANG_WARN_CONSTANT_CONVERSION = YES;
				CLANG_WARN_DEPRECATED_OBJC_IMPLEMENTATIONS = YES;
				CLANG_WARN_DIRECT_OBJC_ISA_USAGE = YES_ERROR;
				CLANG_WARN_DOCUMENTATION_COMMENTS = YES;
				CLANG_WARN_EMPTY_BODY = YES;
				CLANG_WARN_ENUM_CONVERSION = YES;
				CLANG_WARN_INFINITE_RECURSION = YES;
				CLANG_WARN_INT_CONVERSION = YES;
				CLANG_WARN_NON_LITERAL_NULL_CONVERSION = YES;
				CLANG_WARN_OBJC_IMPLICIT_RETAIN_SELF = YES;
				CLANG_WARN_OBJC_LITERAL_CONVERSION = YES;
				CLANG_WARN_OBJC_ROOT_CLASS = YES_ERROR;
				CLANG_WARN_QUOTED_INCLUDE_IN_FRAMEWORK_HEADER = YES;
				CLANG_WARN_RANGE_LOOP_ANALYSIS = YES;
				CLANG_WARN_STRICT_PROTOTYPES = YES;
				CLANG_WARN_SUSPICIOUS_MOVE = YES;
				CLANG_WARN_UNGUARDED_AVAILABILITY = YES_AGGRESSIVE;
				CLANG_WARN_UNREACHABLE_CODE = YES;
				CLANG_WARN__DUPLICATE_METHOD_MATCH = YES;
				COPY_PHASE_STRIP = NO;
				DEAD_CODE_STRIPPING = YES;
				DEBUG_INFORMATION_FORMAT = "dwarf-with-dsym";
				ENABLE_HARDENED_RUNTIME = YES;
				ENABLE_NS_ASSERTIONS = NO;
				ENABLE_STRICT_OBJC_MSGSEND = YES;
				ENABLE_USER_SCRIPT_SANDBOXING = YES;
				GCC_C_LANGUAGE_STANDARD = gnu11;
				GCC_NO_COMMON_BLOCKS = YES;
				GCC_WARN_64_TO_32_BIT_CONVERSION = YES;
				GCC_WARN_ABOUT_RETURN_TYPE = YES_ERROR;
				GCC_WARN_UNDECLARED_SELECTOR = YES;
				GCC_WARN_UNINITIALIZED_AUTOS = YES_AGGRESSIVE;
				GCC_WARN_UNUSED_FUNCTION = YES;
				GCC_WARN_UNUSED_VARIABLE = YES;
				MACOSX_DEPLOYMENT_TARGET = 11.0;
				MTL_ENABLE_DEBUG_INFO = NO;
				MTL_FAST_MATH = YES;
				SDKROOT = macosx;
				SWIFT_COMPILATION_MODE = wholemodule;
				SWIFT_OPTIMIZATION_LEVEL = "-O";
			};
			name = Release;
		};
		27E3EBF82898B17E00D5FB55 /* Debug */ = {
			isa = XCBuildConfiguration;
			buildSettings = {
				ASSETCATALOG_COMPILER_APPICON_NAME = AppIcon;
				"ASSETCATALOG_COMPILER_APPICON_NAME[sdk=macosx*]" = AppIcon;
				ASSETCATALOG_COMPILER_GLOBAL_ACCENT_COLOR_NAME = AccentColor;
				ASSETCATALOG_COMPILER_INCLUDE_ALL_APPICON_ASSETS = YES;
				CODE_SIGN_ENTITLEMENTS = musicbridge/musicbridge.entitlements;
				CODE_SIGN_IDENTITY = "Apple Development";
				"CODE_SIGN_IDENTITY[sdk=macosx*]" = "-";
				CODE_SIGN_STYLE = Automatic;
				COMBINE_HIDPI_IMAGES = YES;
				CURRENT_PROJECT_VERSION = 1.7;
				DEAD_CODE_STRIPPING = YES;
				DEVELOPMENT_ASSET_PATHS = "\"musicbridge/Preview Content\"";
				DEVELOPMENT_TEAM = "";
				ENABLE_HARDENED_RUNTIME = YES;
				ENABLE_PREVIEWS = YES;
				GENERATE_INFOPLIST_FILE = YES;
				INFOPLIST_FILE = musicbridge/Info.plist;
				INFOPLIST_KEY_CFBundleDisplayName = musicbridge;
				INFOPLIST_KEY_LSApplicationCategoryType = "public.app-category.music";
				INFOPLIST_KEY_NSHumanReadableCopyright = "";
				LD_RUNPATH_SEARCH_PATHS = (
					"$(inherited)",
					"@executable_path/../Frameworks",
				);
				MACOSX_DEPLOYMENT_TARGET = 11.0;
				MARKETING_VERSION = 1.7;
				PRODUCT_BUNDLE_IDENTIFIER = dev.znci.musicbridge;
				PRODUCT_NAME = "$(TARGET_NAME)";
				PROVISIONING_PROFILE_SPECIFIER = "";
				SUPPORTS_MACCATALYST = NO;
				SUPPORTS_MAC_DESIGNED_FOR_IPHONE_IPAD = NO;
				SWIFT_EMIT_LOC_STRINGS = YES;
				SWIFT_VERSION = 5.0;
				TARGETED_DEVICE_FAMILY = 6;
			};
			name = Debug;
		};
		27E3EBF92898B17E00D5FB55 /* Release */ = {
			isa = XCBuildConfiguration;
			buildSettings = {
				ASSETCATALOG_COMPILER_APPICON_NAME = AppIcon;
				"ASSETCATALOG_COMPILER_APPICON_NAME[sdk=macosx*]" = AppIcon;
				ASSETCATALOG_COMPILER_GLOBAL_ACCENT_COLOR_NAME = AccentColor;
				ASSETCATALOG_COMPILER_INCLUDE_ALL_APPICON_ASSETS = YES;
				CODE_SIGN_ENTITLEMENTS = musicbridge/musicbridge.entitlements;
				CODE_SIGN_IDENTITY = "Apple Development";
				"CODE_SIGN_IDENTITY[sdk=macosx*]" = "-";
				CODE_SIGN_STYLE = Automatic;
				COMBINE_HIDPI_IMAGES = YES;
				CURRENT_PROJECT_VERSION = 1.7;
				DEAD_CODE_STRIPPING = YES;
				DEVELOPMENT_ASSET_PATHS = "\"musicbridge/Preview Content\"";
				DEVELOPMENT_TEAM = "";
				ENABLE_HARDENED_RUNTIME = YES;
				ENABLE_PREVIEWS = YES;
				GENERATE_INFOPLIST_FILE = YES;
				INFOPLIST_FILE = musicbridge/Info.plist;
				INFOPLIST_KEY_CFBundleDisplayName = musicbridge;
				INFOPLIST_KEY_LSApplicationCategoryType = "public.app-category.music";
				INFOPLIST_KEY_NSHumanReadableCopyright = "";
				LD_RUNPATH_SEARCH_PATHS = (
					"$(inherited)",
					"@executable_path/../Frameworks",
				);
				MACOSX_DEPLOYMENT_TARGET = 11.0;
				MARKETING_VERSION = 1.7;
				PRODUCT_BUNDLE_IDENTIFIER = dev.znci.musicbridge;
				PRODUCT_NAME = "$(TARGET_NAME)";
				PROVISIONING_PROFILE_SPECIFIER = "";
				SUPPORTS_MACCATALYST = NO;
				SUPPORTS_MAC_DESIGNED_FOR_IPHONE_IPAD = NO;
				SWIFT_EMIT_LOC_STRINGS = YES;
				SWIFT_VERSION = 5.0;
				TARGETED_DEVICE_FAMILY = 6;
			};
			name = Release;
		};
/* End XCBuildConfiguration section */

/* Begin XCConfigurationList section */
		27E3EBCD2898B17C00D5FB55 /* Build configuration list for PBXProject "musicbridge" */ = {
			isa = XCConfigurationList;
			buildConfigurations = (
				27E3EBF52898B17E00D5FB55 /* Debug */,
				27E3EBF62898B17E00D5FB55 /* Release */,
			);
			defaultConfigurationIsVisible = 0;
			defaultConfigurationName = Release;
		};
		27E3EBF72898B17E00D5FB55 /* Build configuration list for PBXNativeTarget "musicbridge" */ = {
			isa = XCConfigurationList;
			buildConfigurations = (
				27E3EBF82898B17E00D5FB55 /* Debug */,
				27E3EBF92898B17E00D5FB55 /* Release */,
			);
			defaultConfigurationIsVisible = 0;
			defaultConfigurationName = Release;
		};
/* End XCConfigurationList section */

/* Begin XCRemoteSwiftPackageReference section */
		279E4B942899D13000355840 /* XCRemoteSwiftPackageReference "WebMIDIKit" */ = {
			isa = XCRemoteSwiftPackageReference;
			repositoryURL = "https://github.com/adamnemecek/WebMIDIKit.git";
			requirement = {
				branch = master;
				kind = branch;
			};
		};
		27AD08F72904B88C00D56FA2 /* XCRemoteSwiftPackageReference "MIDIKit" */ = {
			isa = XCRemoteSwiftPackageReference;
			repositoryURL = "https://github.com/orchetect/MIDIKit";
			requirement = {
				kind = upToNextMajorVersion;
				minimumVersion = 0.7.0;
			};
		};
/* End XCRemoteSwiftPackageReference section */

/* Begin XCSwiftPackageProductDependency section */
		27798806289DB13D0021968A /* WebMIDIKit */ = {
			isa = XCSwiftPackageProductDependency;
			package = 279E4B942899D13000355840 /* XCRemoteSwiftPackageReference "WebMIDIKit" */;
			productName = WebMIDIKit;
		};
		27AD08F82904B88C00D56FA2 /* MIDIKit */ = {
			isa = XCSwiftPackageProductDependency;
			package = 27AD08F72904B88C00D56FA2 /* XCRemoteSwiftPackageReference "MIDIKit" */;
			productName = MIDIKit;
		};
/* End XCSwiftPackageProductDependency section */
	};
	rootObject = 27E3EBCA2898B17C00D5FB55 /* Project object */;
}
